PODS:
  - AESStream (0.1.0)
  - CleanTests (0.1.0)
  - SwiftLint (0.24.0)

DEPENDENCIES:
  - AESStream (from `https://github.com/igorkotkovets/swift.pod.aes-stream.git`)
  - CleanTests (from `https://github.com/igorkotkovets/pod.swift.clean-tests.git`)
  - SwiftLint

EXTERNAL SOURCES:
  AESStream:
    :git: https://github.com/igorkotkovets/swift.pod.aes-stream.git
  CleanTests:
    :git: https://github.com/igorkotkovets/pod.swift.clean-tests.git

CHECKOUT OPTIONS:
  AESStream:
    :commit: 9f614810da43435b1caf48b61e1c17974028e273
    :git: https://github.com/igorkotkovets/swift.pod.aes-stream.git
  CleanTests:
    :commit: 1551d200108c985e2ba840626b8e42502033fafd
    :git: https://github.com/igorkotkovets/pod.swift.clean-tests.git

SPEC CHECKSUMS:
  AESStream: 1aeac1afe70b0693fa4d9f1e87f9712db58ca39d
  CleanTests: e2e362a43f787a346c023b93a3b2471f87481aab
  SwiftLint: a014c92b4664e8b13f380f8640a51bb1733778ba

PODFILE CHECKSUM: 127d20534ae38a0bae23b6f70d2628fba42e63c9

COCOAPODS: 1.3.1
